
Microsoft Visual Studio Solution File, Format Version 12.00
# Visual Studio Version 16
VisualStudioVersion = 16.0.31105.61
MinimumVisualStudioVersion = 10.0.40219.1
Project("{FAE04EC0-301F-11D3-BF4B-00C04F79EFBC}") = "001CreateProcess", "001CreateProcess\001CreateProcess.csproj", "{F0AB9EA9-65F3-402E-863A-46F4B378CE83}"
EndProject
Project("{FAE04EC0-301F-11D3-BF4B-00C04F79EFBC}") = "002CreateThread", "002CreateThread\002CreateThread.csproj", "{14188334-547C-43DA-BBC3-4EA5096023F9}"
EndProject
Project("{FAE04EC0-301F-11D3-BF4B-00C04F79EFBC}") = "003Tasks", "003Tasks\003Tasks.csproj", "{8932F290-E678-4FAE-A126-C8EADABB1358}"
EndProject
Project("{9A19103F-16F7-4668-BE54-9A1E7A4F7556}") = "004AsyncAndAwait", "AsyncAndAwait\004AsyncAndAwait.csproj", "{6BCC4C0A-95E4-4EF5-8607-16D11DF8D4C4}"
EndProject
Project("{9A19103F-16F7-4668-BE54-9A1E7A4F7556}") = "005Synchronization", "Synchronization\005Synchronization.csproj", "{5471ABB6-26F3-4631-9036-56209F54FAF9}"
EndProject
Project("{9A19103F-16F7-4668-BE54-9A1E7A4F7556}") = "006SignalingConstructs", "SignalingConstructs\006SignalingConstructs.csproj", "{D1963B01-666F-4D27-BC65-C64C0C24F03D}"
EndProject
Project("{9A19103F-16F7-4668-BE54-9A1E7A4F7556}") = "007Spinning", "Spinning\007Spinning.csproj", "{90C5A872-6BC8-4022-A759-6E662AC574AA}"
EndProject
Project("{FAE04EC0-301F-11D3-BF4B-00C04F79EFBC}") = "008ConcurrentCollections", "008ConcurrentCollections\008ConcurrentCollections.csproj", "{C640646A-9E6B-4A97-990F-26CB24C0E3EC}"
EndProject
Global
	GlobalSection(SolutionConfigurationPlatforms) = preSolution
		Debug|Any CPU = Debug|Any CPU
		Release|Any CPU = Release|Any CPU
	EndGlobalSection
	GlobalSection(ProjectConfigurationPlatforms) = postSolution
		{F0AB9EA9-65F3-402E-863A-46F4B378CE83}.Debug|Any CPU.ActiveCfg = Debug|Any CPU
		{F0AB9EA9-65F3-402E-863A-46F4B378CE83}.Debug|Any CPU.Build.0 = Debug|Any CPU
		{F0AB9EA9-65F3-402E-863A-46F4B378CE83}.Release|Any CPU.ActiveCfg = Release|Any CPU
		{F0AB9EA9-65F3-402E-863A-46F4B378CE83}.Release|Any CPU.Build.0 = Release|Any CPU
		{14188334-547C-43DA-BBC3-4EA5096023F9}.Debug|Any CPU.ActiveCfg = Debug|Any CPU
		{14188334-547C-43DA-BBC3-4EA5096023F9}.Debug|Any CPU.Build.0 = Debug|Any CPU
		{14188334-547C-43DA-BBC3-4EA5096023F9}.Release|Any CPU.ActiveCfg = Release|Any CPU
		{14188334-547C-43DA-BBC3-4EA5096023F9}.Release|Any CPU.Build.0 = Release|Any CPU
		{8932F290-E678-4FAE-A126-C8EADABB1358}.Debug|Any CPU.ActiveCfg = Debug|Any CPU
		{8932F290-E678-4FAE-A126-C8EADABB1358}.Debug|Any CPU.Build.0 = Debug|Any CPU
		{8932F290-E678-4FAE-A126-C8EADABB1358}.Release|Any CPU.ActiveCfg = Release|Any CPU
		{8932F290-E678-4FAE-A126-C8EADABB1358}.Release|Any CPU.Build.0 = Release|Any CPU
		{6BCC4C0A-95E4-4EF5-8607-16D11DF8D4C4}.Debug|Any CPU.ActiveCfg = Debug|Any CPU
		{6BCC4C0A-95E4-4EF5-8607-16D11DF8D4C4}.Debug|Any CPU.Build.0 = Debug|Any CPU
		{6BCC4C0A-95E4-4EF5-8607-16D11DF8D4C4}.Release|Any CPU.ActiveCfg = Release|Any CPU
		{6BCC4C0A-95E4-4EF5-8607-16D11DF8D4C4}.Release|Any CPU.Build.0 = Release|Any CPU
		{5471ABB6-26F3-4631-9036-56209F54FAF9}.Debug|Any CPU.ActiveCfg = Debug|Any CPU
		{5471ABB6-26F3-4631-9036-56209F54FAF9}.Debug|Any CPU.Build.0 = Debug|Any CPU
		{5471ABB6-26F3-4631-9036-56209F54FAF9}.Release|Any CPU.ActiveCfg = Release|Any CPU
		{5471ABB6-26F3-4631-9036-56209F54FAF9}.Release|Any CPU.Build.0 = Release|Any CPU
		{D1963B01-666F-4D27-BC65-C64C0C24F03D}.Debug|Any CPU.ActiveCfg = Debug|Any CPU
		{D1963B01-666F-4D27-BC65-C64C0C24F03D}.Debug|Any CPU.Build.0 = Debug|Any CPU
		{D1963B01-666F-4D27-BC65-C64C0C24F03D}.Release|Any CPU.ActiveCfg = Release|Any CPU
		{D1963B01-666F-4D27-BC65-C64C0C24F03D}.Release|Any CPU.Build.0 = Release|Any CPU
		{90C5A872-6BC8-4022-A759-6E662AC574AA}.Debug|Any CPU.ActiveCfg = Debug|Any CPU
		{90C5A872-6BC8-4022-A759-6E662AC574AA}.Debug|Any CPU.Build.0 = Debug|Any CPU
		{90C5A872-6BC8-4022-A759-6E662AC574AA}.Release|Any CPU.ActiveCfg = Release|Any CPU
		{90C5A872-6BC8-4022-A759-6E662AC574AA}.Release|Any CPU.Build.0 = Release|Any CPU
		{C640646A-9E6B-4A97-990F-26CB24C0E3EC}.Debug|Any CPU.ActiveCfg = Debug|Any CPU
		{C640646A-9E6B-4A97-990F-26CB24C0E3EC}.Debug|Any CPU.Build.0 = Debug|Any CPU
		{C640646A-9E6B-4A97-990F-26CB24C0E3EC}.Release|Any CPU.ActiveCfg = Release|Any CPU
		{C640646A-9E6B-4A97-990F-26CB24C0E3EC}.Release|Any CPU.Build.0 = Release|Any CPU
	EndGlobalSection
	GlobalSection(SolutionProperties) = preSolution
		HideSolutionNode = FALSE
	EndGlobalSection
	GlobalSection(ExtensibilityGlobals) = postSolution
		SolutionGuid = {92301EBA-6DC6-4631-A3B9-5F325C18340A}
	EndGlobalSection
EndGlobal
